
Microsoft Visual Studio Solution File, Format Version 12.00
# Visual Studio Version 16
VisualStudioVersion = 16.0.29609.76
MinimumVisualStudioVersion = 10.0.40219.1
Project("{FAE04EC0-301F-11D3-BF4B-00C04F79EFBC}") = "DTXQuantize", "DTXQuantize\DTXQuantize.csproj", "{657AFA25-2073-4208-AE93-51B27EAF6993}"
EndProject
Global
	GlobalSection(SolutionConfigurationPlatforms) = preSolution
		Debug|Any CPU = Debug|Any CPU
		Release|Any CPU = Release|Any CPU
	EndGlobalSection
	GlobalSection(ProjectConfigurationPlatforms) = postSolution
		{657AFA25-2073-4208-AE93-51B27EAF6993}.Debug|Any CPU.ActiveCfg = Debug|Any CPU
		{657AFA25-2073-4208-AE93-51B27EAF6993}.Debug|Any CPU.Build.0 = Debug|Any CPU
		{657AFA25-2073-4208-AE93-51B27EAF6993}.Release|Any CPU.ActiveCfg = Release|Any CPU
		{657AFA25-2073-4208-AE93-51B27EAF6993}.Release|Any CPU.Build.0 = Release|Any CPU
	EndGlobalSection
	GlobalSection(SolutionProperties) = preSolution
		HideSolutionNode = FALSE
	EndGlobalSection
	GlobalSection(ExtensibilityGlobals) = postSolution
		SolutionGuid = {DEA1272E-D0AB-4536-A403-BEA954CB6155}
	EndGlobalSection
EndGlobal
